PODS:
  - Gifu (3.3.1)
  - lottie-ios (3.3.0)

DEPENDENCIES:
  - Gifu
  - lottie-ios

SPEC REPOS:
  trunk:
    - Gifu
    - lottie-ios

SPEC CHECKSUMS:
  Gifu: 416d4e38c4c2fed012f019e0a1d3ffcb58e5b842
  lottie-ios: 6ac74dcc09904798f59b18cb3075c089d76be9ae

PODFILE CHECKSUM: 5590f9cbb13925e6d9f4c513b16a0445873b7ff3

COCOAPODS: 1.11.2
