// !$*UTF8*$!
{
	archiveVersion = 1;
	classes = {
	};
	objectVersion = 55;
	objects = {

/* Begin PBXBuildFile section */
		1A91652DB1454D9922374F82 /* Pods_LottieEmoji.framework in Frameworks */ = {isa = PBXBuildFile; fileRef = F39688282D7ECABADACF30FC /* Pods_LottieEmoji.framework */; };
		EEAF6FAA27A3AE0700762ED9 /* AppDelegate.swift in Sources */ = {isa = PBXBuildFile; fileRef = EEAF6FA927A3AE0700762ED9 /* AppDelegate.swift */; };
		EEAF6FAC27A3AE0700762ED9 /* SceneDelegate.swift in Sources */ = {isa = PBXBuildFile; fileRef = EEAF6FAB27A3AE0700762ED9 /* SceneDelegate.swift */; };
		EEAF6FAE27A3AE0700762ED9 /* ViewController.swift in Sources */ = {isa = PBXBuildFile; fileRef = EEAF6FAD27A3AE0700762ED9 /* ViewController.swift */; };
		EEAF6FB127A3AE0700762ED9 /* Main.storyboard in Resources */ = {isa = PBXBuildFile; fileRef = EEAF6FAF27A3AE0700762ED9 /* Main.storyboard */; };
		EEAF6FB327A3AE0800762ED9 /* Assets.xcassets in Resources */ = {isa = PBXBuildFile; fileRef = EEAF6FB227A3AE0800762ED9 /* Assets.xcassets */; };
		EEAF6FB627A3AE0800762ED9 /* LaunchScreen.storyboard in Resources */ = {isa = PBXBuildFile; fileRef = EEAF6FB427A3AE0800762ED9 /* LaunchScreen.storyboard */; };
		EEAF6FBE27A3B05500762ED9 /* MyTextAttachment.swift in Sources */ = {isa = PBXBuildFile; fileRef = EEAF6FBD27A3B05500762ED9 /* MyTextAttachment.swift */; };
		EEAF6FC027A3B07C00762ED9 /* TextView+Extension.swift in Sources */ = {isa = PBXBuildFile; fileRef = EEAF6FBF27A3B07C00762ED9 /* TextView+Extension.swift */; };
		EEAF6FC427A3B13E00762ED9 /* heart.json in Resources */ = {isa = PBXBuildFile; fileRef = EEAF6FC127A3B13E00762ED9 /* heart.json */; };
		EEAF6FC527A3B13E00762ED9 /* heart2.json in Resources */ = {isa = PBXBuildFile; fileRef = EEAF6FC227A3B13E00762ED9 /* heart2.json */; };
		EEAF6FC627A3B13E00762ED9 /* loader.json in Resources */ = {isa = PBXBuildFile; fileRef = EEAF6FC327A3B13E00762ED9 /* loader.json */; };
		EEAF6FC827A3B15700762ED9 /* bananadance.gif in Resources */ = {isa = PBXBuildFile; fileRef = EEAF6FC727A3B15700762ED9 /* bananadance.gif */; };
/* End PBXBuildFile section */

/* Begin PBXFileReference section */
		695BFCEA3A1DCA6D38C05404 /* Pods-LottieEmoji.debug.xcconfig */ = {isa = PBXFileReference; includeInIndex = 1; lastKnownFileType = text.xcconfig; name = "Pods-LottieEmoji.debug.xcconfig"; path = "Target Support Files/Pods-LottieEmoji/Pods-LottieEmoji.debug.xcconfig"; sourceTree = "<group>"; };
		EEAF6FA627A3AE0700762ED9 /* LottieEmoji.app */ = {isa = PBXFileReference; explicitFileType = wrapper.application; includeInIndex = 0; path = LottieEmoji.app; sourceTree = BUILT_PRODUCTS_DIR; };
		EEAF6FA927A3AE0700762ED9 /* AppDelegate.swift */ = {isa = PBXFileReference; lastKnownFileType = sourcecode.swift; path = AppDelegate.swift; sourceTree = "<group>"; };
		EEAF6FAB27A3AE0700762ED9 /* SceneDelegate.swift */ = {isa = PBXFileReference; lastKnownFileType = sourcecode.swift; path = SceneDelegate.swift; sourceTree = "<group>"; };
		EEAF6FAD27A3AE0700762ED9 /* ViewController.swift */ = {isa = PBXFileReference; lastKnownFileType = sourcecode.swift; path = ViewController.swift; sourceTree = "<group>"; };
		EEAF6FB027A3AE0700762ED9 /* Base */ = {isa = PBXFileReference; lastKnownFileType = file.storyboard; name = Base; path = Base.lproj/Main.storyboard; sourceTree = "<group>"; };
		EEAF6FB227A3AE0800762ED9 /* Assets.xcassets */ = {isa = PBXFileReference; lastKnownFileType = folder.assetcatalog; path = Assets.xcassets; sourceTree = "<group>"; };
		EEAF6FB527A3AE0800762ED9 /* Base */ = {isa = PBXFileReference; lastKnownFileType = file.storyboard; name = Base; path = Base.lproj/LaunchScreen.storyboard; sourceTree = "<group>"; };
		EEAF6FB727A3AE0800762ED9 /* Info.plist */ = {isa = PBXFileReference; lastKnownFileType = text.plist.xml; path = Info.plist; sourceTree = "<group>"; };
		EEAF6FBD27A3B05500762ED9 /* MyTextAttachment.swift */ = {isa = PBXFileReference; lastKnownFileType = sourcecode.swift; path = MyTextAttachment.swift; sourceTree = "<group>"; };
		EEAF6FBF27A3B07C00762ED9 /* TextView+Extension.swift */ = {isa = PBXFileReference; lastKnownFileType = sourcecode.swift; path = "TextView+Extension.swift"; sourceTree = "<group>"; };
		EEAF6FC127A3B13E00762ED9 /* heart.json */ = {isa = PBXFileReference; fileEncoding = 4; lastKnownFileType = text.json; path = heart.json; sourceTree = "<group>"; };
		EEAF6FC227A3B13E00762ED9 /* heart2.json */ = {isa = PBXFileReference; fileEncoding = 4; lastKnownFileType = text.json; path = heart2.json; sourceTree = "<group>"; };
		EEAF6FC327A3B13E00762ED9 /* loader.json */ = {isa = PBXFileReference; fileEncoding = 4; lastKnownFileType = text.json; path = loader.json; sourceTree = "<group>"; };
		EEAF6FC727A3B15700762ED9 /* bananadance.gif */ = {isa = PBXFileReference; lastKnownFileType = image.gif; path = bananadance.gif; sourceTree = "<group>"; };
		F39688282D7ECABADACF30FC /* Pods_LottieEmoji.framework */ = {isa = PBXFileReference; explicitFileType = wrapper.framework; includeInIndex = 0; path = Pods_LottieEmoji.framework; sourceTree = BUILT_PRODUCTS_DIR; };
		F453155E205E0D1DD463EF5E /* Pods-LottieEmoji.release.xcconfig */ = {isa = PBXFileReference; includeInIndex = 1; lastKnownFileType = text.xcconfig; name = "Pods-LottieEmoji.release.xcconfig"; path = "Target Support Files/Pods-LottieEmoji/Pods-LottieEmoji.release.xcconfig"; sourceTree = "<group>"; };
/* End PBXFileReference section */

/* Begin PBXFrameworksBuildPhase section */
		EEAF6FA327A3AE0700762ED9 /* Frameworks */ = {
			isa = PBXFrameworksBuildPhase;
			buildActionMask = 2147483647;
			files = (
				1A91652DB1454D9922374F82 /* Pods_LottieEmoji.framework in Frameworks */,
			);
			runOnlyForDeploymentPostprocessing = 0;
		};
/* End PBXFrameworksBuildPhase section */

/* Begin PBXGroup section */
		20522861DA8DD6A03E6D5E09 /* Frameworks */ = {
			isa = PBXGroup;
			children = (
				F39688282D7ECABADACF30FC /* Pods_LottieEmoji.framework */,
			);
			name = Frameworks;
			sourceTree = "<group>";
		};
		8525CD89E84337CA6511B72C /* Pods */ = {
			isa = PBXGroup;
			children = (
				695BFCEA3A1DCA6D38C05404 /* Pods-LottieEmoji.debug.xcconfig */,
				F453155E205E0D1DD463EF5E /* Pods-LottieEmoji.release.xcconfig */,
			);
			path = Pods;
			sourceTree = "<group>";
		};
		EEAF6F9D27A3AE0700762ED9 = {
			isa = PBXGroup;
			children = (
				EEAF6FA827A3AE0700762ED9 /* LottieEmoji */,
				EEAF6FA727A3AE0700762ED9 /* Products */,
				8525CD89E84337CA6511B72C /* Pods */,
				20522861DA8DD6A03E6D5E09 /* Frameworks */,
			);
			sourceTree = "<group>";
		};
		EEAF6FA727A3AE0700762ED9 /* Products */ = {
			isa = PBXGroup;
			children = (
				EEAF6FA627A3AE0700762ED9 /* LottieEmoji.app */,
			);
			name = Products;
			sourceTree = "<group>";
		};
		EEAF6FA827A3AE0700762ED9 /* LottieEmoji */ = {
			isa = PBXGroup;
			children = (
				EEAF6FC127A3B13E00762ED9 /* heart.json */,
				EEAF6FC227A3B13E00762ED9 /* heart2.json */,
				EEAF6FC327A3B13E00762ED9 /* loader.json */,
				EEAF6FC727A3B15700762ED9 /* bananadance.gif */,
				EEAF6FA927A3AE0700762ED9 /* AppDelegate.swift */,
				EEAF6FAB27A3AE0700762ED9 /* SceneDelegate.swift */,
				EEAF6FAD27A3AE0700762ED9 /* ViewController.swift */,
				EEAF6FBD27A3B05500762ED9 /* MyTextAttachment.swift */,
				EEAF6FBF27A3B07C00762ED9 /* TextView+Extension.swift */,
				EEAF6FAF27A3AE0700762ED9 /* Main.storyboard */,
				EEAF6FB227A3AE0800762ED9 /* Assets.xcassets */,
				EEAF6FB427A3AE0800762ED9 /* LaunchScreen.storyboard */,
				EEAF6FB727A3AE0800762ED9 /* Info.plist */,
			);
			path = LottieEmoji;
			sourceTree = "<group>";
		};
/* End PBXGroup section */

/* Begin PBXNativeTarget section */
		EEAF6FA527A3AE0700762ED9 /* LottieEmoji */ = {
			isa = PBXNativeTarget;
			buildConfigurationList = EEAF6FBA27A3AE0800762ED9 /* Build configuration list for PBXNativeTarget "LottieEmoji" */;
			buildPhases = (
				43C14951B74B1CC1DB0ABF2D /* [CP] Check Pods Manifest.lock */,
				EEAF6FA227A3AE0700762ED9 /* Sources */,
				EEAF6FA327A3AE0700762ED9 /* Frameworks */,
				EEAF6FA427A3AE0700762ED9 /* Resources */,
				A7E995595844E79CB8961129 /* [CP] Embed Pods Frameworks */,
			);
			buildRules = (
			);
			dependencies = (
			);
			name = LottieEmoji;
			productName = LottieEmoji;
			productReference = EEAF6FA627A3AE0700762ED9 /* LottieEmoji.app */;
			productType = "com.apple.product-type.application";
		};
/* End PBXNativeTarget section */

/* Begin PBXProject section */
		EEAF6F9E27A3AE0700762ED9 /* Project object */ = {
			isa = PBXProject;
			attributes = {
				BuildIndependentTargetsInParallel = 1;
				LastSwiftUpdateCheck = 1320;
				LastUpgradeCheck = 1320;
				TargetAttributes = {
					EEAF6FA527A3AE0700762ED9 = {
						CreatedOnToolsVersion = 13.2.1;
					};
				};
			};
			buildConfigurationList = EEAF6FA127A3AE0700762ED9 /* Build configuration list for PBXProject "LottieEmoji" */;
			compatibilityVersion = "Xcode 13.0";
			developmentRegion = en;
			hasScannedForEncodings = 0;
			knownRegions = (
				en,
				Base,
			);
			mainGroup = EEAF6F9D27A3AE0700762ED9;
			productRefGroup = EEAF6FA727A3AE0700762ED9 /* Products */;
			projectDirPath = "";
			projectRoot = "";
			targets = (
				EEAF6FA527A3AE0700762ED9 /* LottieEmoji */,
			);
		};
/* End PBXProject section */

/* Begin PBXResourcesBuildPhase section */
		EEAF6FA427A3AE0700762ED9 /* Resources */ = {
			isa = PBXResourcesBuildPhase;
			buildActionMask = 2147483647;
			files = (
				EEAF6FC627A3B13E00762ED9 /* loader.json in Resources */,
				EEAF6FB627A3AE0800762ED9 /* LaunchScreen.storyboard in Resources */,
				EEAF6FB327A3AE0800762ED9 /* Assets.xcassets in Resources */,
				EEAF6FC427A3B13E00762ED9 /* heart.json in Resources */,
				EEAF6FC827A3B15700762ED9 /* bananadance.gif in Resources */,
				EEAF6FB127A3AE0700762ED9 /* Main.storyboard in Resources */,
				EEAF6FC527A3B13E00762ED9 /* heart2.json in Resources */,
			);
			runOnlyForDeploymentPostprocessing = 0;
		};
/* End PBXResourcesBuildPhase section */

/* Begin PBXShellScriptBuildPhase section */
		43C14951B74B1CC1DB0ABF2D /* [CP] Check Pods Manifest.lock */ = {
			isa = PBXShellScriptBuildPhase;
			buildActionMask = 2147483647;
			files = (
			);
			inputFileListPaths = (
			);
			inputPaths = (
				"${PODS_PODFILE_DIR_PATH}/Podfile.lock",
				"${PODS_ROOT}/Manifest.lock",
			);
			name = "[CP] Check Pods Manifest.lock";
			outputFileListPaths = (
			);
			outputPaths = (
				"$(DERIVED_FILE_DIR)/Pods-LottieEmoji-checkManifestLockResult.txt",
			);
			runOnlyForDeploymentPostprocessing = 0;
			shellPath = /bin/sh;
			shellScript = "diff \"${PODS_PODFILE_DIR_PATH}/Podfile.lock\" \"${PODS_ROOT}/Manifest.lock\" > /dev/null\nif [ $? != 0 ] ; then\n    # print error to STDERR\n    echo \"error: The sandbox is not in sync with the Podfile.lock. Run 'pod install' or update your CocoaPods installation.\" >&2\n    exit 1\nfi\n# This output is used by Xcode 'outputs' to avoid re-running this script phase.\necho \"SUCCESS\" > \"${SCRIPT_OUTPUT_FILE_0}\"\n";
			showEnvVarsInLog = 0;
		};
		A7E995595844E79CB8961129 /* [CP] Embed Pods Frameworks */ = {
			isa = PBXShellScriptBuildPhase;
			buildActionMask = 2147483647;
			files = (
			);
			inputFileListPaths = (
				"${PODS_ROOT}/Target Support Files/Pods-LottieEmoji/Pods-LottieEmoji-frameworks-${CONFIGURATION}-input-files.xcfilelist",
			);
			name = "[CP] Embed Pods Frameworks";
			outputFileListPaths = (
				"${PODS_ROOT}/Target Support Files/Pods-LottieEmoji/Pods-LottieEmoji-frameworks-${CONFIGURATION}-output-files.xcfilelist",
			);
			runOnlyForDeploymentPostprocessing = 0;
			shellPath = /bin/sh;
			shellScript = "\"${PODS_ROOT}/Target Support Files/Pods-LottieEmoji/Pods-LottieEmoji-frameworks.sh\"\n";
			showEnvVarsInLog = 0;
		};
/* End PBXShellScriptBuildPhase section */

/* Begin PBXSourcesBuildPhase section */
		EEAF6FA227A3AE0700762ED9 /* Sources */ = {
			isa = PBXSourcesBuildPhase;
			buildActionMask = 2147483647;
			files = (
				EEAF6FAE27A3AE0700762ED9 /* ViewController.swift in Sources */,
				EEAF6FC027A3B07C00762ED9 /* TextView+Extension.swift in Sources */,
				EEAF6FBE27A3B05500762ED9 /* MyTextAttachment.swift in Sources */,
				EEAF6FAA27A3AE0700762ED9 /* AppDelegate.swift in Sources */,
				EEAF6FAC27A3AE0700762ED9 /* SceneDelegate.swift in Sources */,
			);
			runOnlyForDeploymentPostprocessing = 0;
		};
/* End PBXSourcesBuildPhase section */

/* Begin PBXVariantGroup section */
		EEAF6FAF27A3AE0700762ED9 /* Main.storyboard */ = {
			isa = PBXVariantGroup;
			children = (
				EEAF6FB027A3AE0700762ED9 /* Base */,
			);
			name = Main.storyboard;
			sourceTree = "<group>";
		};
		EEAF6FB427A3AE0800762ED9 /* LaunchScreen.storyboard */ = {
			isa = PBXVariantGroup;
			children = (
				EEAF6FB527A3AE0800762ED9 /* Base */,
			);
			name = LaunchScreen.storyboard;
			sourceTree = "<group>";
		};
/* End PBXVariantGroup section */

/* Begin XCBuildConfiguration section */
		EEAF6FB827A3AE0800762ED9 /* Debug */ = {
			isa = XCBuildConfiguration;
			buildSettings = {
				ALWAYS_SEARCH_USER_PATHS = NO;
				CLANG_ANALYZER_NONNULL = YES;
				CLANG_ANALYZER_NUMBER_OBJECT_CONVERSION = YES_AGGRESSIVE;
				CLANG_CXX_LANGUAGE_STANDARD = "gnu++17";
				CLANG_CXX_LIBRARY = "libc++";
				CLANG_ENABLE_MODULES = YES;
				CLANG_ENABLE_OBJC_ARC = YES;
				CLANG_ENABLE_OBJC_WEAK = YES;
				CLANG_WARN_BLOCK_CAPTURE_AUTORELEASING = YES;
				CLANG_WARN_BOOL_CONVERSION = YES;
				CLANG_WARN_COMMA = YES;
				CLANG_WARN_CONSTANT_CONVERSION = YES;
				CLANG_WARN_DEPRECATED_OBJC_IMPLEMENTATIONS = YES;
				CLANG_WARN_DIRECT_OBJC_ISA_USAGE = YES_ERROR;
				CLANG_WARN_DOCUMENTATION_COMMENTS = YES;
				CLANG_WARN_EMPTY_BODY = YES;
				CLANG_WARN_ENUM_CONVERSION = YES;
				CLANG_WARN_INFINITE_RECURSION = YES;
				CLANG_WARN_INT_CONVERSION = YES;
				CLANG_WARN_NON_LITERAL_NULL_CONVERSION = YES;
				CLANG_WARN_OBJC_IMPLICIT_RETAIN_SELF = YES;
				CLANG_WARN_OBJC_LITERAL_CONVERSION = YES;
				CLANG_WARN_OBJC_ROOT_CLASS = YES_ERROR;
				CLANG_WARN_QUOTED_INCLUDE_IN_FRAMEWORK_HEADER = YES;
				CLANG_WARN_RANGE_LOOP_ANALYSIS = YES;
				CLANG_WARN_STRICT_PROTOTYPES = YES;
				CLANG_WARN_SUSPICIOUS_MOVE = YES;
				CLANG_WARN_UNGUARDED_AVAILABILITY = YES_AGGRESSIVE;
				CLANG_WARN_UNREACHABLE_CODE = YES;
				CLANG_WARN__DUPLICATE_METHOD_MATCH = YES;
				COPY_PHASE_STRIP = NO;
				DEBUG_INFORMATION_FORMAT = dwarf;
				ENABLE_STRICT_OBJC_MSGSEND = YES;
				ENABLE_TESTABILITY = YES;
				GCC_C_LANGUAGE_STANDARD = gnu11;
				GCC_DYNAMIC_NO_PIC = NO;
				GCC_NO_COMMON_BLOCKS = YES;
				GCC_OPTIMIZATION_LEVEL = 0;
				GCC_PREPROCESSOR_DEFINITIONS = (
					"DEBUG=1",
					"$(inherited)",
				);
				GCC_WARN_64_TO_32_BIT_CONVERSION = YES;
				GCC_WARN_ABOUT_RETURN_TYPE = YES_ERROR;
				GCC_WARN_UNDECLARED_SELECTOR = YES;
				GCC_WARN_UNINITIALIZED_AUTOS = YES_AGGRESSIVE;
				GCC_WARN_UNUSED_FUNCTION = YES;
				GCC_WARN_UNUSED_VARIABLE = YES;
				IPHONEOS_DEPLOYMENT_TARGET = 15.2;
				MTL_ENABLE_DEBUG_INFO = INCLUDE_SOURCE;
				MTL_FAST_MATH = YES;
				ONLY_ACTIVE_ARCH = YES;
				SDKROOT = iphoneos;
				SWIFT_ACTIVE_COMPILATION_CONDITIONS = DEBUG;
				SWIFT_OPTIMIZATION_LEVEL = "-Onone";
			};
			name = Debug;
		};
		EEAF6FB927A3AE0800762ED9 /* Release */ = {
			isa = XCBuildConfiguration;
			buildSettings = {
				ALWAYS_SEARCH_USER_PATHS = NO;
				CLANG_ANALYZER_NONNULL = YES;
				CLANG_ANALYZER_NUMBER_OBJECT_CONVERSION = YES_AGGRESSIVE;
				CLANG_CXX_LANGUAGE_STANDARD = "gnu++17";
				CLANG_CXX_LIBRARY = "libc++";
				CLANG_ENABLE_MODULES = YES;
				CLANG_ENABLE_OBJC_ARC = YES;
				CLANG_ENABLE_OBJC_WEAK = YES;
				CLANG_WARN_BLOCK_CAPTURE_AUTORELEASING = YES;
				CLANG_WARN_BOOL_CONVERSION = YES;
				CLANG_WARN_COMMA = YES;
				CLANG_WARN_CONSTANT_CONVERSION = YES;
				CLANG_WARN_DEPRECATED_OBJC_IMPLEMENTATIONS = YES;
				CLANG_WARN_DIRECT_OBJC_ISA_USAGE = YES_ERROR;
				CLANG_WARN_DOCUMENTATION_COMMENTS = YES;
				CLANG_WARN_EMPTY_BODY = YES;
				CLANG_WARN_ENUM_CONVERSION = YES;
				CLANG_WARN_INFINITE_RECURSION = YES;
				CLANG_WARN_INT_CONVERSION = YES;
				CLANG_WARN_NON_LITERAL_NULL_CONVERSION = YES;
				CLANG_WARN_OBJC_IMPLICIT_RETAIN_SELF = YES;
				CLANG_WARN_OBJC_LITERAL_CONVERSION = YES;
				CLANG_WARN_OBJC_ROOT_CLASS = YES_ERROR;
				CLANG_WARN_QUOTED_INCLUDE_IN_FRAMEWORK_HEADER = YES;
				CLANG_WARN_RANGE_LOOP_ANALYSIS = YES;
				CLANG_WARN_STRICT_PROTOTYPES = YES;
				CLANG_WARN_SUSPICIOUS_MOVE = YES;
				CLANG_WARN_UNGUARDED_AVAILABILITY = YES_AGGRESSIVE;
				CLANG_WARN_UNREACHABLE_CODE = YES;
				CLANG_WARN__DUPLICATE_METHOD_MATCH = YES;
				COPY_PHASE_STRIP = NO;
				DEBUG_INFORMATION_FORMAT = "dwarf-with-dsym";
				ENABLE_NS_ASSERTIONS = NO;
				ENABLE_STRICT_OBJC_MSGSEND = YES;
				GCC_C_LANGUAGE_STANDARD = gnu11;
				GCC_NO_COMMON_BLOCKS = YES;
				GCC_WARN_64_TO_32_BIT_CONVERSION = YES;
				GCC_WARN_ABOUT_RETURN_TYPE = YES_ERROR;
				GCC_WARN_UNDECLARED_SELECTOR = YES;
				GCC_WARN_UNINITIALIZED_AUTOS = YES_AGGRESSIVE;
				GCC_WARN_UNUSED_FUNCTION = YES;
				GCC_WARN_UNUSED_VARIABLE = YES;
				IPHONEOS_DEPLOYMENT_TARGET = 15.2;
				MTL_ENABLE_DEBUG_INFO = NO;
				MTL_FAST_MATH = YES;
				SDKROOT = iphoneos;
				SWIFT_COMPILATION_MODE = wholemodule;
				SWIFT_OPTIMIZATION_LEVEL = "-O";
				VALIDATE_PRODUCT = YES;
			};
			name = Release;
		};
		EEAF6FBB27A3AE0800762ED9 /* Debug */ = {
			isa = XCBuildConfiguration;
			baseConfigurationReference = 695BFCEA3A1DCA6D38C05404 /* Pods-LottieEmoji.debug.xcconfig */;
			buildSettings = {
				ASSETCATALOG_COMPILER_APPICON_NAME = AppIcon;
				ASSETCATALOG_COMPILER_GLOBAL_ACCENT_COLOR_NAME = AccentColor;
				CODE_SIGN_STYLE = Automatic;
				CURRENT_PROJECT_VERSION = 1;
				DEVELOPMENT_TEAM = 5DM2N47UXQ;
				GENERATE_INFOPLIST_FILE = YES;
				INFOPLIST_FILE = LottieEmoji/Info.plist;
				INFOPLIST_KEY_UIApplicationSupportsIndirectInputEvents = YES;
				INFOPLIST_KEY_UILaunchStoryboardName = LaunchScreen;
				INFOPLIST_KEY_UIMainStoryboardFile = Main;
				INFOPLIST_KEY_UISupportedInterfaceOrientations_iPad = "UIInterfaceOrientationPortrait UIInterfaceOrientationPortraitUpsideDown UIInterfaceOrientationLandscapeLeft UIInterfaceOrientationLandscapeRight";
				INFOPLIST_KEY_UISupportedInterfaceOrientations_iPhone = "UIInterfaceOrientationPortrait UIInterfaceOrientationLandscapeLeft UIInterfaceOrientationLandscapeRight";
				LD_RUNPATH_SEARCH_PATHS = (
					"$(inherited)",
					"@executable_path/Frameworks",
				);
				MARKETING_VERSION = 1.0;
				PRODUCT_BUNDLE_IDENTIFIER = switkevin.LottieEmoji;
				PRODUCT_NAME = "$(TARGET_NAME)";
				SWIFT_EMIT_LOC_STRINGS = YES;
				SWIFT_VERSION = 5.0;
				TARGETED_DEVICE_FAMILY = "1,2";
			};
			name = Debug;
		};
		EEAF6FBC27A3AE0800762ED9 /* Release */ = {
			isa = XCBuildConfiguration;
			baseConfigurationReference = F453155E205E0D1DD463EF5E /* Pods-LottieEmoji.release.xcconfig */;
			buildSettings = {
				ASSETCATALOG_COMPILER_APPICON_NAME = AppIcon;
				ASSETCATALOG_COMPILER_GLOBAL_ACCENT_COLOR_NAME = AccentColor;
				CODE_SIGN_STYLE = Automatic;
				CURRENT_PROJECT_VERSION = 1;
				DEVELOPMENT_TEAM = 5DM2N47UXQ;
				GENERATE_INFOPLIST_FILE = YES;
				INFOPLIST_FILE = LottieEmoji/Info.plist;
				INFOPLIST_KEY_UIApplicationSupportsIndirectInputEvents = YES;
				INFOPLIST_KEY_UILaunchStoryboardName = LaunchScreen;
				INFOPLIST_KEY_UIMainStoryboardFile = Main;
				INFOPLIST_KEY_UISupportedInterfaceOrientations_iPad = "UIInterfaceOrientationPortrait UIInterfaceOrientationPortraitUpsideDown UIInterfaceOrientationLandscapeLeft UIInterfaceOrientationLandscapeRight";
				INFOPLIST_KEY_UISupportedInterfaceOrientations_iPhone = "UIInterfaceOrientationPortrait UIInterfaceOrientationLandscapeLeft UIInterfaceOrientationLandscapeRight";
				LD_RUNPATH_SEARCH_PATHS = (
					"$(inherited)",
					"@executable_path/Frameworks",
				);
				MARKETING_VERSION = 1.0;
				PRODUCT_BUNDLE_IDENTIFIER = switkevin.LottieEmoji;
				PRODUCT_NAME = "$(TARGET_NAME)";
				SWIFT_EMIT_LOC_STRINGS = YES;
				SWIFT_VERSION = 5.0;
				TARGETED_DEVICE_FAMILY = "1,2";
			};
			name = Release;
		};
/* End XCBuildConfiguration section */

/* Begin XCConfigurationList section */
		EEAF6FA127A3AE0700762ED9 /* Build configuration list for PBXProject "LottieEmoji" */ = {
			isa = XCConfigurationList;
			buildConfigurations = (
				EEAF6FB827A3AE0800762ED9 /* Debug */,
				EEAF6FB927A3AE0800762ED9 /* Release */,
			);
			defaultConfigurationIsVisible = 0;
			defaultConfigurationName = Release;
		};
		EEAF6FBA27A3AE0800762ED9 /* Build configuration list for PBXNativeTarget "LottieEmoji" */ = {
			isa = XCConfigurationList;
			buildConfigurations = (
				EEAF6FBB27A3AE0800762ED9 /* Debug */,
				EEAF6FBC27A3AE0800762ED9 /* Release */,
			);
			defaultConfigurationIsVisible = 0;
			defaultConfigurationName = Release;
		};
/* End XCConfigurationList section */
	};
	rootObject = EEAF6F9E27A3AE0700762ED9 /* Project object */;
}
